
Microsoft Visual Studio Solution File, Format Version 11.00
# Visual Studio 2010
Project("{FAE04EC0-301F-11D3-BF4B-00C04F79EFBC}") = "WindowsGame1", "WindowsGame1\WindowsGame1\WindowsGame1.csproj", "{F0FB3E86-BAF9-45AD-A986-4202CA98FA29}"
EndProject
Project("{96E2B04D-8817-42C6-938A-82C39BA4D311}") = "WindowsGame1Content", "WindowsGame1\WindowsGame1Content\WindowsGame1Content.contentproj", "{E68134EE-7CD9-4C1B-874C-E4375854F5A7}"
EndProject
Global
	GlobalSection(SolutionConfigurationPlatforms) = preSolution
		Debug|x86 = Debug|x86
		Release|x86 = Release|x86
	EndGlobalSection
	GlobalSection(ProjectConfigurationPlatforms) = postSolution
		{F0FB3E86-BAF9-45AD-A986-4202CA98FA29}.Debug|x86.ActiveCfg = Debug|x86
		{F0FB3E86-BAF9-45AD-A986-4202CA98FA29}.Debug|x86.Build.0 = Debug|x86
		{F0FB3E86-BAF9-45AD-A986-4202CA98FA29}.Release|x86.ActiveCfg = Release|x86
		{F0FB3E86-BAF9-45AD-A986-4202CA98FA29}.Release|x86.Build.0 = Release|x86
		{E68134EE-7CD9-4C1B-874C-E4375854F5A7}.Debug|x86.ActiveCfg = Debug|x86
		{E68134EE-7CD9-4C1B-874C-E4375854F5A7}.Release|x86.ActiveCfg = Release|x86
	EndGlobalSection
	GlobalSection(SolutionProperties) = preSolution
		HideSolutionNode = FALSE
	EndGlobalSection
EndGlobal
